
Microsoft Visual Studio Solution File, Format Version 12.00
# Visual Studio 15
VisualStudioVersion = 15.0.26730.8
MinimumVisualStudioVersion = 10.0.40219.1
Project("{FAE04EC0-301F-11D3-BF4B-00C04F79EFBC}") = "TutorialSignalR", "TutorialSignalR\TutorialSignalR.csproj", "{D134DF74-0BDC-41C2-B2A3-68BB99BA2714}"
EndProject
Global
	GlobalSection(SolutionConfigurationPlatforms) = preSolution
		Debug|Any CPU = Debug|Any CPU
		Release|Any CPU = Release|Any CPU
	EndGlobalSection
	GlobalSection(ProjectConfigurationPlatforms) = postSolution
		{D134DF74-0BDC-41C2-B2A3-68BB99BA2714}.Debug|Any CPU.ActiveCfg = Debug|Any CPU
		{D134DF74-0BDC-41C2-B2A3-68BB99BA2714}.Debug|Any CPU.Build.0 = Debug|Any CPU
		{D134DF74-0BDC-41C2-B2A3-68BB99BA2714}.Release|Any CPU.ActiveCfg = Release|Any CPU
		{D134DF74-0BDC-41C2-B2A3-68BB99BA2714}.Release|Any CPU.Build.0 = Release|Any CPU
	EndGlobalSection
	GlobalSection(SolutionProperties) = preSolution
		HideSolutionNode = FALSE
	EndGlobalSection
	GlobalSection(ExtensibilityGlobals) = postSolution
		SolutionGuid = {34724AFB-CC25-465E-A404-E8EE1EAF67BB}
	EndGlobalSection
EndGlobal
